
Microsoft Visual Studio Solution File, Format Version 12.00
# Visual Studio Version 17
VisualStudioVersion = 17.12.35527.113 d17.12
MinimumVisualStudioVersion = 10.0.40219.1
Project("{FAE04EC0-301F-11D3-BF4B-00C04F79EFBC}") = "PersonalRegister", "PersonalRegister.csproj", "{07DAE9D5-44A2-4307-91CC-FF4852F1ECC4}"
EndProject
Project("{FAE04EC0-301F-11D3-BF4B-00C04F79EFBC}") = "PersonalRegister.Helpers", "..\PersonalRegister.Helpers\PersonalRegister.Helpers.csproj", "{B3AC9BB5-2BA7-4E1C-A92D-A7DCF7C5BAE6}"
EndProject
Project("{FAE04EC0-301F-11D3-BF4B-00C04F79EFBC}") = "PersonalRegister.UI", "..\PersonalRegister.UI\PersonalRegister.UI.csproj", "{C67E8EEC-B879-4975-B0B7-B1BED3E0E72A}"
EndProject
Project("{FAE04EC0-301F-11D3-BF4B-00C04F79EFBC}") = "Personal.Tests", "..\Personal.Tests\Personal.Tests.csproj", "{4A9020E4-6A6B-4051-A6FA-221E5206645B}"
EndProject
Global
	GlobalSection(SolutionConfigurationPlatforms) = preSolution
		Debug|Any CPU = Debug|Any CPU
		Release|Any CPU = Release|Any CPU
	EndGlobalSection
	GlobalSection(ProjectConfigurationPlatforms) = postSolution
		{07DAE9D5-44A2-4307-91CC-FF4852F1ECC4}.Debug|Any CPU.ActiveCfg = Debug|Any CPU
		{07DAE9D5-44A2-4307-91CC-FF4852F1ECC4}.Debug|Any CPU.Build.0 = Debug|Any CPU
		{07DAE9D5-44A2-4307-91CC-FF4852F1ECC4}.Release|Any CPU.ActiveCfg = Release|Any CPU
		{07DAE9D5-44A2-4307-91CC-FF4852F1ECC4}.Release|Any CPU.Build.0 = Release|Any CPU
		{B3AC9BB5-2BA7-4E1C-A92D-A7DCF7C5BAE6}.Debug|Any CPU.ActiveCfg = Debug|Any CPU
		{B3AC9BB5-2BA7-4E1C-A92D-A7DCF7C5BAE6}.Debug|Any CPU.Build.0 = Debug|Any CPU
		{B3AC9BB5-2BA7-4E1C-A92D-A7DCF7C5BAE6}.Release|Any CPU.ActiveCfg = Release|Any CPU
		{B3AC9BB5-2BA7-4E1C-A92D-A7DCF7C5BAE6}.Release|Any CPU.Build.0 = Release|Any CPU
		{C67E8EEC-B879-4975-B0B7-B1BED3E0E72A}.Debug|Any CPU.ActiveCfg = Debug|Any CPU
		{C67E8EEC-B879-4975-B0B7-B1BED3E0E72A}.Debug|Any CPU.Build.0 = Debug|Any CPU
		{C67E8EEC-B879-4975-B0B7-B1BED3E0E72A}.Release|Any CPU.ActiveCfg = Release|Any CPU
		{C67E8EEC-B879-4975-B0B7-B1BED3E0E72A}.Release|Any CPU.Build.0 = Release|Any CPU
		{4A9020E4-6A6B-4051-A6FA-221E5206645B}.Debug|Any CPU.ActiveCfg = Debug|Any CPU
		{4A9020E4-6A6B-4051-A6FA-221E5206645B}.Debug|Any CPU.Build.0 = Debug|Any CPU
		{4A9020E4-6A6B-4051-A6FA-221E5206645B}.Release|Any CPU.ActiveCfg = Release|Any CPU
		{4A9020E4-6A6B-4051-A6FA-221E5206645B}.Release|Any CPU.Build.0 = Release|Any CPU
	EndGlobalSection
	GlobalSection(SolutionProperties) = preSolution
		HideSolutionNode = FALSE
	EndGlobalSection
EndGlobal
